// !$*UTF8*$!
{
	archiveVersion = 1;
	classes = {
	};
	objectVersion = 56;
	objects = {

/* Begin PBXBuildFile section */
		6424A2BE2B8B41230040C091 /* LoginResult.swift in Sources */ = {isa = PBXBuildFile; fileRef = 6424A2BB2B8B41220040C091 /* LoginResult.swift */; };
		6424A2BF2B8B41230040C091 /* OrderModel.swift in Sources */ = {isa = PBXBuildFile; fileRef = 6424A2BC2B8B41220040C091 /* OrderModel.swift */; };
		6424A2C02B8B41230040C091 /* ProductModel.swift in Sources */ = {isa = PBXBuildFile; fileRef = 6424A2BD2B8B41220040C091 /* ProductModel.swift */; };
		6424A2C62B8B41F80040C091 /* UIColor + Extension.swift in Sources */ = {isa = PBXBuildFile; fileRef = 6424A2C32B8B41F80040C091 /* UIColor + Extension.swift */; };
		6424A2C72B8B41F80040C091 /* UIButton + Extension.swift in Sources */ = {isa = PBXBuildFile; fileRef = 6424A2C42B8B41F80040C091 /* UIButton + Extension.swift */; };
		6424A2C82B8B41F80040C091 /* CartPublisher.swift in Sources */ = {isa = PBXBuildFile; fileRef = 6424A2C52B8B41F80040C091 /* CartPublisher.swift */; };
		6424A2D42B8B440B0040C091 /* Cell.swift in Sources */ = {isa = PBXBuildFile; fileRef = 6424A2CA2B8B440B0040C091 /* Cell.swift */; };
		6424A2D52B8B440B0040C091 /* EmptyCartView.swift in Sources */ = {isa = PBXBuildFile; fileRef = 6424A2CB2B8B440B0040C091 /* EmptyCartView.swift */; };
		6424A2D62B8B440B0040C091 /* ProductCell.swift in Sources */ = {isa = PBXBuildFile; fileRef = 6424A2CC2B8B440B0040C091 /* ProductCell.swift */; };
		6424A2D72B8B440B0040C091 /* SizeButton.swift in Sources */ = {isa = PBXBuildFile; fileRef = 6424A2CD2B8B440B0040C091 /* SizeButton.swift */; };
		6424A2D82B8B440B0040C091 /* SizesView.swift in Sources */ = {isa = PBXBuildFile; fileRef = 6424A2CE2B8B440B0040C091 /* SizesView.swift */; };
		6424A2D92B8B440B0040C091 /* OrderCell.swift in Sources */ = {isa = PBXBuildFile; fileRef = 6424A2CF2B8B440B0040C091 /* OrderCell.swift */; };
		6424A2DA2B8B440B0040C091 /* CarouselView.swift in Sources */ = {isa = PBXBuildFile; fileRef = 6424A2D02B8B440B0040C091 /* CarouselView.swift */; };
		6424A2DB2B8B440B0040C091 /* CartCell.swift in Sources */ = {isa = PBXBuildFile; fileRef = 6424A2D12B8B440B0040C091 /* CartCell.swift */; };
		6424A2DC2B8B440B0040C091 /* CarouselCell.swift in Sources */ = {isa = PBXBuildFile; fileRef = 6424A2D22B8B440B0040C091 /* CarouselCell.swift */; };
		6424A2DD2B8B440B0040C091 /* CustomLabel.swift in Sources */ = {isa = PBXBuildFile; fileRef = 6424A2D32B8B440B0040C091 /* CustomLabel.swift */; };
		6424A2E22B8B474B0040C091 /* FirebaseManager.swift in Sources */ = {isa = PBXBuildFile; fileRef = 6424A2E02B8B474B0040C091 /* FirebaseManager.swift */; };
		6424A2E42B8B50320040C091 /* GoogleService-Info.plist in Resources */ = {isa = PBXBuildFile; fileRef = 6424A2E32B8B50320040C091 /* GoogleService-Info.plist */; };
		6449ED572B8B83C700A93BC0 /* ProductPageModuleBuilder.swift in Sources */ = {isa = PBXBuildFile; fileRef = 6449ED522B8B83C700A93BC0 /* ProductPageModuleBuilder.swift */; };
		6449ED582B8B83C700A93BC0 /* ProductPagePresenter.swift in Sources */ = {isa = PBXBuildFile; fileRef = 6449ED532B8B83C700A93BC0 /* ProductPagePresenter.swift */; };
		6449ED592B8B83C700A93BC0 /* ProductPageRouter.swift in Sources */ = {isa = PBXBuildFile; fileRef = 6449ED542B8B83C700A93BC0 /* ProductPageRouter.swift */; };
		6449ED5A2B8B83C700A93BC0 /* ProductPageViewController.swift in Sources */ = {isa = PBXBuildFile; fileRef = 6449ED552B8B83C700A93BC0 /* ProductPageViewController.swift */; };
		6449ED5B2B8B83C700A93BC0 /* ProductPageInteractor.swift in Sources */ = {isa = PBXBuildFile; fileRef = 6449ED562B8B83C700A93BC0 /* ProductPageInteractor.swift */; };
		6449ED632B8CA3C700A93BC0 /* MainModuleBuilder.swift in Sources */ = {isa = PBXBuildFile; fileRef = 6449ED5E2B8CA3C700A93BC0 /* MainModuleBuilder.swift */; };
		6449ED642B8CA3C700A93BC0 /* MainPresenter.swift in Sources */ = {isa = PBXBuildFile; fileRef = 6449ED5F2B8CA3C700A93BC0 /* MainPresenter.swift */; };
		6449ED652B8CA3C700A93BC0 /* MainRouter.swift in Sources */ = {isa = PBXBuildFile; fileRef = 6449ED602B8CA3C700A93BC0 /* MainRouter.swift */; };
		6449ED662B8CA3C700A93BC0 /* MainViewController.swift in Sources */ = {isa = PBXBuildFile; fileRef = 6449ED612B8CA3C700A93BC0 /* MainViewController.swift */; };
		6449ED672B8CA3C700A93BC0 /* MainInteractor.swift in Sources */ = {isa = PBXBuildFile; fileRef = 6449ED622B8CA3C700A93BC0 /* MainInteractor.swift */; };
		6449ED6E2B8F5EA700A93BC0 /* CartModuleBuilder.swift in Sources */ = {isa = PBXBuildFile; fileRef = 6449ED692B8F5EA700A93BC0 /* CartModuleBuilder.swift */; };
		6449ED6F2B8F5EA700A93BC0 /* CartPresenter.swift in Sources */ = {isa = PBXBuildFile; fileRef = 6449ED6A2B8F5EA700A93BC0 /* CartPresenter.swift */; };
		6449ED702B8F5EA700A93BC0 /* CartRouter.swift in Sources */ = {isa = PBXBuildFile; fileRef = 6449ED6B2B8F5EA700A93BC0 /* CartRouter.swift */; };
		6449ED712B8F5EA700A93BC0 /* CartViewController.swift in Sources */ = {isa = PBXBuildFile; fileRef = 6449ED6C2B8F5EA700A93BC0 /* CartViewController.swift */; };
		6449ED722B8F5EA700A93BC0 /* CartInteractor.swift in Sources */ = {isa = PBXBuildFile; fileRef = 6449ED6D2B8F5EA700A93BC0 /* CartInteractor.swift */; };
		6449ED742B8F618300A93BC0 /* CartManager.swift in Sources */ = {isa = PBXBuildFile; fileRef = 6449ED732B8F618300A93BC0 /* CartManager.swift */; };
		6449ED772B93339E00A93BC0 /* GoogleSignIn in Frameworks */ = {isa = PBXBuildFile; productRef = 6449ED762B93339E00A93BC0 /* GoogleSignIn */; };
		6449ED792B93339E00A93BC0 /* GoogleSignInSwift in Frameworks */ = {isa = PBXBuildFile; productRef = 6449ED782B93339E00A93BC0 /* GoogleSignInSwift */; };
		6449ED802B93347200A93BC0 /* ProfileModuleBuilder.swift in Sources */ = {isa = PBXBuildFile; fileRef = 6449ED7B2B93347200A93BC0 /* ProfileModuleBuilder.swift */; };
		6449ED812B93347200A93BC0 /* ProfilePresenter.swift in Sources */ = {isa = PBXBuildFile; fileRef = 6449ED7C2B93347200A93BC0 /* ProfilePresenter.swift */; };
		6449ED822B93347200A93BC0 /* ProfileRouter.swift in Sources */ = {isa = PBXBuildFile; fileRef = 6449ED7D2B93347200A93BC0 /* ProfileRouter.swift */; };
		6449ED832B93347200A93BC0 /* ProfileViewController.swift in Sources */ = {isa = PBXBuildFile; fileRef = 6449ED7E2B93347200A93BC0 /* ProfileViewController.swift */; };
		6449ED842B93347200A93BC0 /* ProfileInteractor.swift in Sources */ = {isa = PBXBuildFile; fileRef = 6449ED7F2B93347200A93BC0 /* ProfileInteractor.swift */; };
		6449ED882B93352400A93BC0 /* CustomButton.swift in Sources */ = {isa = PBXBuildFile; fileRef = 6449ED872B93352400A93BC0 /* CustomButton.swift */; };
		6449ED8A2B93374C00A93BC0 /* AuthManager.swift in Sources */ = {isa = PBXBuildFile; fileRef = 6449ED892B93374C00A93BC0 /* AuthManager.swift */; };
		6449ED912B975D4000A93BC0 /* OrdersModuleBuilder.swift in Sources */ = {isa = PBXBuildFile; fileRef = 6449ED8C2B975D4000A93BC0 /* OrdersModuleBuilder.swift */; };
		6449ED922B975D4000A93BC0 /* OrdersPresenter.swift in Sources */ = {isa = PBXBuildFile; fileRef = 6449ED8D2B975D4000A93BC0 /* OrdersPresenter.swift */; };
		6449ED932B975D4000A93BC0 /* OrdersRouter.swift in Sources */ = {isa = PBXBuildFile; fileRef = 6449ED8E2B975D4000A93BC0 /* OrdersRouter.swift */; };
		6449ED942B975D4000A93BC0 /* OrdersViewController.swift in Sources */ = {isa = PBXBuildFile; fileRef = 6449ED8F2B975D4000A93BC0 /* OrdersViewController.swift */; };
		6449ED952B975D4000A93BC0 /* OrdersInteractor.swift in Sources */ = {isa = PBXBuildFile; fileRef = 6449ED902B975D4000A93BC0 /* OrdersInteractor.swift */; };
		647112D42B8B1EFE0017725C /* AppDelegate.swift in Sources */ = {isa = PBXBuildFile; fileRef = 647112D32B8B1EFE0017725C /* AppDelegate.swift */; };
		647112D62B8B1EFE0017725C /* SceneDelegate.swift in Sources */ = {isa = PBXBuildFile; fileRef = 647112D52B8B1EFE0017725C /* SceneDelegate.swift */; };
		647112DD2B8B1F000017725C /* Assets.xcassets in Resources */ = {isa = PBXBuildFile; fileRef = 647112DC2B8B1F000017725C /* Assets.xcassets */; };
		647112E02B8B1F000017725C /* LaunchScreen.storyboard in Resources */ = {isa = PBXBuildFile; fileRef = 647112DE2B8B1F000017725C /* LaunchScreen.storyboard */; };
		647112EB2B8B1F000017725C /* MarketplaceAppVIPERTests.swift in Sources */ = {isa = PBXBuildFile; fileRef = 647112EA2B8B1F000017725C /* MarketplaceAppVIPERTests.swift */; };
		647112F52B8B1F000017725C /* MarketplaceAppVIPERUITests.swift in Sources */ = {isa = PBXBuildFile; fileRef = 647112F42B8B1F000017725C /* MarketplaceAppVIPERUITests.swift */; };
		647112F72B8B1F000017725C /* MarketplaceAppVIPERUITestsLaunchTests.swift in Sources */ = {isa = PBXBuildFile; fileRef = 647112F62B8B1F000017725C /* MarketplaceAppVIPERUITestsLaunchTests.swift */; };
		64F370392B8B2916005FC900 /* ProductsListModuleBuilder.swift in Sources */ = {isa = PBXBuildFile; fileRef = 64F370342B8B2916005FC900 /* ProductsListModuleBuilder.swift */; };
		64F3703A2B8B2916005FC900 /* ProductsListPresenter.swift in Sources */ = {isa = PBXBuildFile; fileRef = 64F370352B8B2916005FC900 /* ProductsListPresenter.swift */; };
		64F3703B2B8B2916005FC900 /* ProductsListRouter.swift in Sources */ = {isa = PBXBuildFile; fileRef = 64F370362B8B2916005FC900 /* ProductsListRouter.swift */; };
		64F3703C2B8B2916005FC900 /* ProductsListViewController.swift in Sources */ = {isa = PBXBuildFile; fileRef = 64F370372B8B2916005FC900 /* ProductsListViewController.swift */; };
		64F3703D2B8B2916005FC900 /* ProductsListInteractor.swift in Sources */ = {isa = PBXBuildFile; fileRef = 64F370382B8B2916005FC900 /* ProductsListInteractor.swift */; };
		64F370452B8B2B49005FC900 /* SDWebImage in Frameworks */ = {isa = PBXBuildFile; productRef = 64F370442B8B2B49005FC900 /* SDWebImage */; };
		64F3704B2B8B2C13005FC900 /* FirebaseAuth in Frameworks */ = {isa = PBXBuildFile; productRef = 64F3704A2B8B2C13005FC900 /* FirebaseAuth */; };
		64F3704D2B8B2C13005FC900 /* FirebaseDatabase in Frameworks */ = {isa = PBXBuildFile; productRef = 64F3704C2B8B2C13005FC900 /* FirebaseDatabase */; };
		64F3704F2B8B2C13005FC900 /* FirebaseDatabaseSwift in Frameworks */ = {isa = PBXBuildFile; productRef = 64F3704E2B8B2C13005FC900 /* FirebaseDatabaseSwift */; };
		64F370512B8B2C13005FC900 /* FirebaseFirestore in Frameworks */ = {isa = PBXBuildFile; productRef = 64F370502B8B2C13005FC900 /* FirebaseFirestore */; };
		64F370532B8B2C13005FC900 /* FirebaseFirestoreSwift in Frameworks */ = {isa = PBXBuildFile; productRef = 64F370522B8B2C13005FC900 /* FirebaseFirestoreSwift */; };
		64F370552B8B2C13005FC900 /* FirebaseStorage in Frameworks */ = {isa = PBXBuildFile; productRef = 64F370542B8B2C13005FC900 /* FirebaseStorage */; };
		64F370582B8B2E4C005FC900 /* SnapKit in Frameworks */ = {isa = PBXBuildFile; productRef = 64F370572B8B2E4C005FC900 /* SnapKit */; };
/* End PBXBuildFile section */

/* Begin PBXContainerItemProxy section */
		647112E72B8B1F000017725C /* PBXContainerItemProxy */ = {
			isa = PBXContainerItemProxy;
			containerPortal = 647112C82B8B1EFE0017725C /* Project object */;
			proxyType = 1;
			remoteGlobalIDString = 647112CF2B8B1EFE0017725C;
			remoteInfo = MarketplaceAppVIPER;
		};
		647112F12B8B1F000017725C /* PBXContainerItemProxy */ = {
			isa = PBXContainerItemProxy;
			containerPortal = 647112C82B8B1EFE0017725C /* Project object */;
			proxyType = 1;
			remoteGlobalIDString = 647112CF2B8B1EFE0017725C;
			remoteInfo = MarketplaceAppVIPER;
		};
/* End PBXContainerItemProxy section */

/* Begin PBXFileReference section */
		6424A2BB2B8B41220040C091 /* LoginResult.swift */ = {isa = PBXFileReference; fileEncoding = 4; lastKnownFileType = sourcecode.swift; path = LoginResult.swift; sourceTree = "<group>"; };
		6424A2BC2B8B41220040C091 /* OrderModel.swift */ = {isa = PBXFileReference; fileEncoding = 4; lastKnownFileType = sourcecode.swift; path = OrderModel.swift; sourceTree = "<group>"; };
		6424A2BD2B8B41220040C091 /* ProductModel.swift */ = {isa = PBXFileReference; fileEncoding = 4; lastKnownFileType = sourcecode.swift; path = ProductModel.swift; sourceTree = "<group>"; };
		6424A2C32B8B41F80040C091 /* UIColor + Extension.swift */ = {isa = PBXFileReference; fileEncoding = 4; lastKnownFileType = sourcecode.swift; path = "UIColor + Extension.swift"; sourceTree = "<group>"; };
		6424A2C42B8B41F80040C091 /* UIButton + Extension.swift */ = {isa = PBXFileReference; fileEncoding = 4; lastKnownFileType = sourcecode.swift; path = "UIButton + Extension.swift"; sourceTree = "<group>"; };
		6424A2C52B8B41F80040C091 /* CartPublisher.swift */ = {isa = PBXFileReference; fileEncoding = 4; lastKnownFileType = sourcecode.swift; path = CartPublisher.swift; sourceTree = "<group>"; };
		6424A2CA2B8B440B0040C091 /* Cell.swift */ = {isa = PBXFileReference; fileEncoding = 4; lastKnownFileType = sourcecode.swift; path = Cell.swift; sourceTree = "<group>"; };
		6424A2CB2B8B440B0040C091 /* EmptyCartView.swift */ = {isa = PBXFileReference; fileEncoding = 4; lastKnownFileType = sourcecode.swift; path = EmptyCartView.swift; sourceTree = "<group>"; };
		6424A2CC2B8B440B0040C091 /* ProductCell.swift */ = {isa = PBXFileReference; fileEncoding = 4; lastKnownFileType = sourcecode.swift; path = ProductCell.swift; sourceTree = "<group>"; };
		6424A2CD2B8B440B0040C091 /* SizeButton.swift */ = {isa = PBXFileReference; fileEncoding = 4; lastKnownFileType = sourcecode.swift; path = SizeButton.swift; sourceTree = "<group>"; };
		6424A2CE2B8B440B0040C091 /* SizesView.swift */ = {isa = PBXFileReference; fileEncoding = 4; lastKnownFileType = sourcecode.swift; path = SizesView.swift; sourceTree = "<group>"; };
		6424A2CF2B8B440B0040C091 /* OrderCell.swift */ = {isa = PBXFileReference; fileEncoding = 4; lastKnownFileType = sourcecode.swift; path = OrderCell.swift; sourceTree = "<group>"; };
		6424A2D02B8B440B0040C091 /* CarouselView.swift */ = {isa = PBXFileReference; fileEncoding = 4; lastKnownFileType = sourcecode.swift; path = CarouselView.swift; sourceTree = "<group>"; };
		6424A2D12B8B440B0040C091 /* CartCell.swift */ = {isa = PBXFileReference; fileEncoding = 4; lastKnownFileType = sourcecode.swift; path = CartCell.swift; sourceTree = "<group>"; };
		6424A2D22B8B440B0040C091 /* CarouselCell.swift */ = {isa = PBXFileReference; fileEncoding = 4; lastKnownFileType = sourcecode.swift; path = CarouselCell.swift; sourceTree = "<group>"; };
		6424A2D32B8B440B0040C091 /* CustomLabel.swift */ = {isa = PBXFileReference; fileEncoding = 4; lastKnownFileType = sourcecode.swift; path = CustomLabel.swift; sourceTree = "<group>"; };
		6424A2E02B8B474B0040C091 /* FirebaseManager.swift */ = {isa = PBXFileReference; fileEncoding = 4; lastKnownFileType = sourcecode.swift; path = FirebaseManager.swift; sourceTree = "<group>"; };
		6424A2E32B8B50320040C091 /* GoogleService-Info.plist */ = {isa = PBXFileReference; fileEncoding = 4; lastKnownFileType = text.plist.xml; path = "GoogleService-Info.plist"; sourceTree = "<group>"; };
		6449ED522B8B83C700A93BC0 /* ProductPageModuleBuilder.swift */ = {isa = PBXFileReference; lastKnownFileType = sourcecode.swift; path = ProductPageModuleBuilder.swift; sourceTree = "<group>"; };
		6449ED532B8B83C700A93BC0 /* ProductPagePresenter.swift */ = {isa = PBXFileReference; lastKnownFileType = sourcecode.swift; path = ProductPagePresenter.swift; sourceTree = "<group>"; };
		6449ED542B8B83C700A93BC0 /* ProductPageRouter.swift */ = {isa = PBXFileReference; lastKnownFileType = sourcecode.swift; path = ProductPageRouter.swift; sourceTree = "<group>"; };
		6449ED552B8B83C700A93BC0 /* ProductPageViewController.swift */ = {isa = PBXFileReference; lastKnownFileType = sourcecode.swift; path = ProductPageViewController.swift; sourceTree = "<group>"; };
		6449ED562B8B83C700A93BC0 /* ProductPageInteractor.swift */ = {isa = PBXFileReference; lastKnownFileType = sourcecode.swift; path = ProductPageInteractor.swift; sourceTree = "<group>"; };
		6449ED5E2B8CA3C700A93BC0 /* MainModuleBuilder.swift */ = {isa = PBXFileReference; lastKnownFileType = sourcecode.swift; path = MainModuleBuilder.swift; sourceTree = "<group>"; };
		6449ED5F2B8CA3C700A93BC0 /* MainPresenter.swift */ = {isa = PBXFileReference; lastKnownFileType = sourcecode.swift; path = MainPresenter.swift; sourceTree = "<group>"; };
		6449ED602B8CA3C700A93BC0 /* MainRouter.swift */ = {isa = PBXFileReference; lastKnownFileType = sourcecode.swift; path = MainRouter.swift; sourceTree = "<group>"; };
		6449ED612B8CA3C700A93BC0 /* MainViewController.swift */ = {isa = PBXFileReference; lastKnownFileType = sourcecode.swift; path = MainViewController.swift; sourceTree = "<group>"; };
		6449ED622B8CA3C700A93BC0 /* MainInteractor.swift */ = {isa = PBXFileReference; lastKnownFileType = sourcecode.swift; path = MainInteractor.swift; sourceTree = "<group>"; };
		6449ED692B8F5EA700A93BC0 /* CartModuleBuilder.swift */ = {isa = PBXFileReference; lastKnownFileType = sourcecode.swift; path = CartModuleBuilder.swift; sourceTree = "<group>"; };
		6449ED6A2B8F5EA700A93BC0 /* CartPresenter.swift */ = {isa = PBXFileReference; lastKnownFileType = sourcecode.swift; path = CartPresenter.swift; sourceTree = "<group>"; };
		6449ED6B2B8F5EA700A93BC0 /* CartRouter.swift */ = {isa = PBXFileReference; lastKnownFileType = sourcecode.swift; path = CartRouter.swift; sourceTree = "<group>"; };
		6449ED6C2B8F5EA700A93BC0 /* CartViewController.swift */ = {isa = PBXFileReference; lastKnownFileType = sourcecode.swift; path = CartViewController.swift; sourceTree = "<group>"; };
		6449ED6D2B8F5EA700A93BC0 /* CartInteractor.swift */ = {isa = PBXFileReference; lastKnownFileType = sourcecode.swift; path = CartInteractor.swift; sourceTree = "<group>"; };
		6449ED732B8F618300A93BC0 /* CartManager.swift */ = {isa = PBXFileReference; fileEncoding = 4; lastKnownFileType = sourcecode.swift; path = CartManager.swift; sourceTree = "<group>"; };
		6449ED7B2B93347200A93BC0 /* ProfileModuleBuilder.swift */ = {isa = PBXFileReference; lastKnownFileType = sourcecode.swift; path = ProfileModuleBuilder.swift; sourceTree = "<group>"; };
		6449ED7C2B93347200A93BC0 /* ProfilePresenter.swift */ = {isa = PBXFileReference; lastKnownFileType = sourcecode.swift; path = ProfilePresenter.swift; sourceTree = "<group>"; };
		6449ED7D2B93347200A93BC0 /* ProfileRouter.swift */ = {isa = PBXFileReference; lastKnownFileType = sourcecode.swift; path = ProfileRouter.swift; sourceTree = "<group>"; };
		6449ED7E2B93347200A93BC0 /* ProfileViewController.swift */ = {isa = PBXFileReference; lastKnownFileType = sourcecode.swift; path = ProfileViewController.swift; sourceTree = "<group>"; };
		6449ED7F2B93347200A93BC0 /* ProfileInteractor.swift */ = {isa = PBXFileReference; lastKnownFileType = sourcecode.swift; path = ProfileInteractor.swift; sourceTree = "<group>"; };
		6449ED872B93352400A93BC0 /* CustomButton.swift */ = {isa = PBXFileReference; lastKnownFileType = sourcecode.swift; path = CustomButton.swift; sourceTree = "<group>"; };
		6449ED892B93374C00A93BC0 /* AuthManager.swift */ = {isa = PBXFileReference; fileEncoding = 4; lastKnownFileType = sourcecode.swift; path = AuthManager.swift; sourceTree = "<group>"; };
		6449ED8C2B975D4000A93BC0 /* OrdersModuleBuilder.swift */ = {isa = PBXFileReference; lastKnownFileType = sourcecode.swift; path = OrdersModuleBuilder.swift; sourceTree = "<group>"; };
		6449ED8D2B975D4000A93BC0 /* OrdersPresenter.swift */ = {isa = PBXFileReference; lastKnownFileType = sourcecode.swift; path = OrdersPresenter.swift; sourceTree = "<group>"; };
		6449ED8E2B975D4000A93BC0 /* OrdersRouter.swift */ = {isa = PBXFileReference; lastKnownFileType = sourcecode.swift; path = OrdersRouter.swift; sourceTree = "<group>"; };
		6449ED8F2B975D4000A93BC0 /* OrdersViewController.swift */ = {isa = PBXFileReference; lastKnownFileType = sourcecode.swift; path = OrdersViewController.swift; sourceTree = "<group>"; };
		6449ED902B975D4000A93BC0 /* OrdersInteractor.swift */ = {isa = PBXFileReference; lastKnownFileType = sourcecode.swift; path = OrdersInteractor.swift; sourceTree = "<group>"; };
		647112D02B8B1EFE0017725C /* MarketplaceAppVIPER.app */ = {isa = PBXFileReference; explicitFileType = wrapper.application; includeInIndex = 0; path = MarketplaceAppVIPER.app; sourceTree = BUILT_PRODUCTS_DIR; };
		647112D32B8B1EFE0017725C /* AppDelegate.swift */ = {isa = PBXFileReference; lastKnownFileType = sourcecode.swift; path = AppDelegate.swift; sourceTree = "<group>"; };
		647112D52B8B1EFE0017725C /* SceneDelegate.swift */ = {isa = PBXFileReference; lastKnownFileType = sourcecode.swift; path = SceneDelegate.swift; sourceTree = "<group>"; };
		647112DC2B8B1F000017725C /* Assets.xcassets */ = {isa = PBXFileReference; lastKnownFileType = folder.assetcatalog; path = Assets.xcassets; sourceTree = "<group>"; };
		647112DF2B8B1F000017725C /* Base */ = {isa = PBXFileReference; lastKnownFileType = file.storyboard; name = Base; path = Base.lproj/LaunchScreen.storyboard; sourceTree = "<group>"; };
		647112E12B8B1F000017725C /* Info.plist */ = {isa = PBXFileReference; lastKnownFileType = text.plist.xml; path = Info.plist; sourceTree = "<group>"; };
		647112E62B8B1F000017725C /* MarketplaceAppVIPERTests.xctest */ = {isa = PBXFileReference; explicitFileType = wrapper.cfbundle; includeInIndex = 0; path = MarketplaceAppVIPERTests.xctest; sourceTree = BUILT_PRODUCTS_DIR; };
		647112EA2B8B1F000017725C /* MarketplaceAppVIPERTests.swift */ = {isa = PBXFileReference; lastKnownFileType = sourcecode.swift; path = MarketplaceAppVIPERTests.swift; sourceTree = "<group>"; };
		647112F02B8B1F000017725C /* MarketplaceAppVIPERUITests.xctest */ = {isa = PBXFileReference; explicitFileType = wrapper.cfbundle; includeInIndex = 0; path = MarketplaceAppVIPERUITests.xctest; sourceTree = BUILT_PRODUCTS_DIR; };
		647112F42B8B1F000017725C /* MarketplaceAppVIPERUITests.swift */ = {isa = PBXFileReference; lastKnownFileType = sourcecode.swift; path = MarketplaceAppVIPERUITests.swift; sourceTree = "<group>"; };
		647112F62B8B1F000017725C /* MarketplaceAppVIPERUITestsLaunchTests.swift */ = {isa = PBXFileReference; lastKnownFileType = sourcecode.swift; path = MarketplaceAppVIPERUITestsLaunchTests.swift; sourceTree = "<group>"; };
		64F370342B8B2916005FC900 /* ProductsListModuleBuilder.swift */ = {isa = PBXFileReference; lastKnownFileType = sourcecode.swift; path = ProductsListModuleBuilder.swift; sourceTree = "<group>"; };
		64F370352B8B2916005FC900 /* ProductsListPresenter.swift */ = {isa = PBXFileReference; lastKnownFileType = sourcecode.swift; path = ProductsListPresenter.swift; sourceTree = "<group>"; };
		64F370362B8B2916005FC900 /* ProductsListRouter.swift */ = {isa = PBXFileReference; lastKnownFileType = sourcecode.swift; path = ProductsListRouter.swift; sourceTree = "<group>"; };
		64F370372B8B2916005FC900 /* ProductsListViewController.swift */ = {isa = PBXFileReference; lastKnownFileType = sourcecode.swift; path = ProductsListViewController.swift; sourceTree = "<group>"; };
		64F370382B8B2916005FC900 /* ProductsListInteractor.swift */ = {isa = PBXFileReference; lastKnownFileType = sourcecode.swift; path = ProductsListInteractor.swift; sourceTree = "<group>"; };
/* End PBXFileReference section */

/* Begin PBXFrameworksBuildPhase section */
		647112CD2B8B1EFE0017725C /* Frameworks */ = {
			isa = PBXFrameworksBuildPhase;
			buildActionMask = 2147483647;
			files = (
				64F3704F2B8B2C13005FC900 /* FirebaseDatabaseSwift in Frameworks */,
				64F370582B8B2E4C005FC900 /* SnapKit in Frameworks */,
				64F3704D2B8B2C13005FC900 /* FirebaseDatabase in Frameworks */,
				64F370552B8B2C13005FC900 /* FirebaseStorage in Frameworks */,
				64F370452B8B2B49005FC900 /* SDWebImage in Frameworks */,
				6449ED792B93339E00A93BC0 /* GoogleSignInSwift in Frameworks */,
				64F3704B2B8B2C13005FC900 /* FirebaseAuth in Frameworks */,
				64F370512B8B2C13005FC900 /* FirebaseFirestore in Frameworks */,
				64F370532B8B2C13005FC900 /* FirebaseFirestoreSwift in Frameworks */,
				6449ED772B93339E00A93BC0 /* GoogleSignIn in Frameworks */,
			);
			runOnlyForDeploymentPostprocessing = 0;
		};
		647112E32B8B1F000017725C /* Frameworks */ = {
			isa = PBXFrameworksBuildPhase;
			buildActionMask = 2147483647;
			files = (
			);
			runOnlyForDeploymentPostprocessing = 0;
		};
		647112ED2B8B1F000017725C /* Frameworks */ = {
			isa = PBXFrameworksBuildPhase;
			buildActionMask = 2147483647;
			files = (
			);
			runOnlyForDeploymentPostprocessing = 0;
		};
/* End PBXFrameworksBuildPhase section */

/* Begin PBXGroup section */
		6424A2BA2B8B41220040C091 /* Models */ = {
			isa = PBXGroup;
			children = (
				6424A2BB2B8B41220040C091 /* LoginResult.swift */,
				6424A2BC2B8B41220040C091 /* OrderModel.swift */,
				6424A2BD2B8B41220040C091 /* ProductModel.swift */,
			);
			path = Models;
			sourceTree = "<group>";
		};
		6424A2C22B8B41F80040C091 /* Extensions */ = {
			isa = PBXGroup;
			children = (
				6424A2C32B8B41F80040C091 /* UIColor + Extension.swift */,
				6424A2C42B8B41F80040C091 /* UIButton + Extension.swift */,
				6424A2C52B8B41F80040C091 /* CartPublisher.swift */,
			);
			path = Extensions;
			sourceTree = "<group>";
		};
		6424A2C92B8B440B0040C091 /* Views */ = {
			isa = PBXGroup;
			children = (
				6424A2CA2B8B440B0040C091 /* Cell.swift */,
				6424A2CB2B8B440B0040C091 /* EmptyCartView.swift */,
				6424A2CC2B8B440B0040C091 /* ProductCell.swift */,
				6424A2CD2B8B440B0040C091 /* SizeButton.swift */,
				6424A2CE2B8B440B0040C091 /* SizesView.swift */,
				6424A2CF2B8B440B0040C091 /* OrderCell.swift */,
				6424A2D02B8B440B0040C091 /* CarouselView.swift */,
				6424A2D12B8B440B0040C091 /* CartCell.swift */,
				6424A2D22B8B440B0040C091 /* CarouselCell.swift */,
				6424A2D32B8B440B0040C091 /* CustomLabel.swift */,
				6449ED872B93352400A93BC0 /* CustomButton.swift */,
			);
			path = Views;
			sourceTree = "<group>";
		};
		6424A2DE2B8B474B0040C091 /* Networking */ = {
			isa = PBXGroup;
			children = (
				6449ED892B93374C00A93BC0 /* AuthManager.swift */,
				6449ED732B8F618300A93BC0 /* CartManager.swift */,
				6424A2E02B8B474B0040C091 /* FirebaseManager.swift */,
			);
			path = Networking;
			sourceTree = "<group>";
		};
		6449ED5C2B8B83E700A93BC0 /* ProductPage */ = {
			isa = PBXGroup;
			children = (
				6449ED522B8B83C700A93BC0 /* ProductPageModuleBuilder.swift */,
				6449ED532B8B83C700A93BC0 /* ProductPagePresenter.swift */,
				6449ED542B8B83C700A93BC0 /* ProductPageRouter.swift */,
				6449ED552B8B83C700A93BC0 /* ProductPageViewController.swift */,
				6449ED562B8B83C700A93BC0 /* ProductPageInteractor.swift */,
			);
			path = ProductPage;
			sourceTree = "<group>";
		};
		6449ED5D2B8CA39A00A93BC0 /* Main */ = {
			isa = PBXGroup;
			children = (
				6449ED5E2B8CA3C700A93BC0 /* MainModuleBuilder.swift */,
				6449ED5F2B8CA3C700A93BC0 /* MainPresenter.swift */,
				6449ED602B8CA3C700A93BC0 /* MainRouter.swift */,
				6449ED612B8CA3C700A93BC0 /* MainViewController.swift */,
				6449ED622B8CA3C700A93BC0 /* MainInteractor.swift */,
			);
			path = Main;
			sourceTree = "<group>";
		};
		6449ED682B8F5E8600A93BC0 /* Cart */ = {
			isa = PBXGroup;
			children = (
				6449ED692B8F5EA700A93BC0 /* CartModuleBuilder.swift */,
				6449ED6A2B8F5EA700A93BC0 /* CartPresenter.swift */,
				6449ED6B2B8F5EA700A93BC0 /* CartRouter.swift */,
				6449ED6C2B8F5EA700A93BC0 /* CartViewController.swift */,
				6449ED6D2B8F5EA700A93BC0 /* CartInteractor.swift */,
			);
			path = Cart;
			sourceTree = "<group>";
		};
		6449ED7A2B93344C00A93BC0 /* Profile */ = {
			isa = PBXGroup;
			children = (
				6449ED7B2B93347200A93BC0 /* ProfileModuleBuilder.swift */,
				6449ED7C2B93347200A93BC0 /* ProfilePresenter.swift */,
				6449ED7D2B93347200A93BC0 /* ProfileRouter.swift */,
				6449ED7E2B93347200A93BC0 /* ProfileViewController.swift */,
				6449ED7F2B93347200A93BC0 /* ProfileInteractor.swift */,
			);
			path = Profile;
			sourceTree = "<group>";
		};
		6449ED8B2B975D1500A93BC0 /* Orders */ = {
			isa = PBXGroup;
			children = (
				6449ED8C2B975D4000A93BC0 /* OrdersModuleBuilder.swift */,
				6449ED8D2B975D4000A93BC0 /* OrdersPresenter.swift */,
				6449ED8E2B975D4000A93BC0 /* OrdersRouter.swift */,
				6449ED8F2B975D4000A93BC0 /* OrdersViewController.swift */,
				6449ED902B975D4000A93BC0 /* OrdersInteractor.swift */,
			);
			path = Orders;
			sourceTree = "<group>";
		};
		647112C72B8B1EFE0017725C = {
			isa = PBXGroup;
			children = (
				647112D22B8B1EFE0017725C /* MarketplaceAppVIPER */,
				647112E92B8B1F000017725C /* MarketplaceAppVIPERTests */,
				647112F32B8B1F000017725C /* MarketplaceAppVIPERUITests */,
				647112D12B8B1EFE0017725C /* Products */,
			);
			sourceTree = "<group>";
		};
		647112D12B8B1EFE0017725C /* Products */ = {
			isa = PBXGroup;
			children = (
				647112D02B8B1EFE0017725C /* MarketplaceAppVIPER.app */,
				647112E62B8B1F000017725C /* MarketplaceAppVIPERTests.xctest */,
				647112F02B8B1F000017725C /* MarketplaceAppVIPERUITests.xctest */,
			);
			name = Products;
			sourceTree = "<group>";
		};
		647112D22B8B1EFE0017725C /* MarketplaceAppVIPER */ = {
			isa = PBXGroup;
			children = (
				64F370322B8B28A1005FC900 /* Application */,
				6424A2DE2B8B474B0040C091 /* Networking */,
				6449ED5D2B8CA39A00A93BC0 /* Main */,
				64F370332B8B28CB005FC900 /* ProductsList */,
				6449ED5C2B8B83E700A93BC0 /* ProductPage */,
				6449ED682B8F5E8600A93BC0 /* Cart */,
				6449ED7A2B93344C00A93BC0 /* Profile */,
				6449ED8B2B975D1500A93BC0 /* Orders */,
				6424A2BA2B8B41220040C091 /* Models */,
				6424A2C22B8B41F80040C091 /* Extensions */,
				6424A2C92B8B440B0040C091 /* Views */,
				647112E12B8B1F000017725C /* Info.plist */,
				64F370462B8B2B9C005FC900 /* private */,
			);
			path = MarketplaceAppVIPER;
			sourceTree = "<group>";
		};
		647112E92B8B1F000017725C /* MarketplaceAppVIPERTests */ = {
			isa = PBXGroup;
			children = (
				647112EA2B8B1F000017725C /* MarketplaceAppVIPERTests.swift */,
			);
			path = MarketplaceAppVIPERTests;
			sourceTree = "<group>";
		};
		647112F32B8B1F000017725C /* MarketplaceAppVIPERUITests */ = {
			isa = PBXGroup;
			children = (
				647112F42B8B1F000017725C /* MarketplaceAppVIPERUITests.swift */,
				647112F62B8B1F000017725C /* MarketplaceAppVIPERUITestsLaunchTests.swift */,
			);
			path = MarketplaceAppVIPERUITests;
			sourceTree = "<group>";
		};
		64F370322B8B28A1005FC900 /* Application */ = {
			isa = PBXGroup;
			children = (
				647112D32B8B1EFE0017725C /* AppDelegate.swift */,
				647112D52B8B1EFE0017725C /* SceneDelegate.swift */,
			);
			path = Application;
			sourceTree = "<group>";
		};
		64F370332B8B28CB005FC900 /* ProductsList */ = {
			isa = PBXGroup;
			children = (
				64F370342B8B2916005FC900 /* ProductsListModuleBuilder.swift */,
				64F370352B8B2916005FC900 /* ProductsListPresenter.swift */,
				64F370362B8B2916005FC900 /* ProductsListRouter.swift */,
				64F370372B8B2916005FC900 /* ProductsListViewController.swift */,
				64F370382B8B2916005FC900 /* ProductsListInteractor.swift */,
			);
			path = ProductsList;
			sourceTree = "<group>";
		};
		64F370462B8B2B9C005FC900 /* private */ = {
			isa = PBXGroup;
			children = (
				6424A2E32B8B50320040C091 /* GoogleService-Info.plist */,
				647112DC2B8B1F000017725C /* Assets.xcassets */,
				647112DE2B8B1F000017725C /* LaunchScreen.storyboard */,
			);
			path = private;
			sourceTree = "<group>";
		};
/* End PBXGroup section */

/* Begin PBXNativeTarget section */
		647112CF2B8B1EFE0017725C /* MarketplaceAppVIPER */ = {
			isa = PBXNativeTarget;
			buildConfigurationList = 647112FA2B8B1F010017725C /* Build configuration list for PBXNativeTarget "MarketplaceAppVIPER" */;
			buildPhases = (
				647112CC2B8B1EFE0017725C /* Sources */,
				647112CD2B8B1EFE0017725C /* Frameworks */,
				647112CE2B8B1EFE0017725C /* Resources */,
			);
			buildRules = (
			);
			dependencies = (
			);
			name = MarketplaceAppVIPER;
			packageProductDependencies = (
				64F370442B8B2B49005FC900 /* SDWebImage */,
				64F3704A2B8B2C13005FC900 /* FirebaseAuth */,
				64F3704C2B8B2C13005FC900 /* FirebaseDatabase */,
				64F3704E2B8B2C13005FC900 /* FirebaseDatabaseSwift */,
				64F370502B8B2C13005FC900 /* FirebaseFirestore */,
				64F370522B8B2C13005FC900 /* FirebaseFirestoreSwift */,
				64F370542B8B2C13005FC900 /* FirebaseStorage */,
				64F370572B8B2E4C005FC900 /* SnapKit */,
				6449ED762B93339E00A93BC0 /* GoogleSignIn */,
				6449ED782B93339E00A93BC0 /* GoogleSignInSwift */,
			);
			productName = MarketplaceAppVIPER;
			productReference = 647112D02B8B1EFE0017725C /* MarketplaceAppVIPER.app */;
			productType = "com.apple.product-type.application";
		};
		647112E52B8B1F000017725C /* MarketplaceAppVIPERTests */ = {
			isa = PBXNativeTarget;
			buildConfigurationList = 647112FD2B8B1F010017725C /* Build configuration list for PBXNativeTarget "MarketplaceAppVIPERTests" */;
			buildPhases = (
				647112E22B8B1F000017725C /* Sources */,
				647112E32B8B1F000017725C /* Frameworks */,
				647112E42B8B1F000017725C /* Resources */,
			);
			buildRules = (
			);
			dependencies = (
				647112E82B8B1F000017725C /* PBXTargetDependency */,
			);
			name = MarketplaceAppVIPERTests;
			productName = MarketplaceAppVIPERTests;
			productReference = 647112E62B8B1F000017725C /* MarketplaceAppVIPERTests.xctest */;
			productType = "com.apple.product-type.bundle.unit-test";
		};
		647112EF2B8B1F000017725C /* MarketplaceAppVIPERUITests */ = {
			isa = PBXNativeTarget;
			buildConfigurationList = 647113002B8B1F010017725C /* Build configuration list for PBXNativeTarget "MarketplaceAppVIPERUITests" */;
			buildPhases = (
				647112EC2B8B1F000017725C /* Sources */,
				647112ED2B8B1F000017725C /* Frameworks */,
				647112EE2B8B1F000017725C /* Resources */,
			);
			buildRules = (
			);
			dependencies = (
				647112F22B8B1F000017725C /* PBXTargetDependency */,
			);
			name = MarketplaceAppVIPERUITests;
			productName = MarketplaceAppVIPERUITests;
			productReference = 647112F02B8B1F000017725C /* MarketplaceAppVIPERUITests.xctest */;
			productType = "com.apple.product-type.bundle.ui-testing";
		};
/* End PBXNativeTarget section */

/* Begin PBXProject section */
		647112C82B8B1EFE0017725C /* Project object */ = {
			isa = PBXProject;
			attributes = {
				BuildIndependentTargetsInParallel = 1;
				LastSwiftUpdateCheck = 1430;
				LastUpgradeCheck = 1430;
				TargetAttributes = {
					647112CF2B8B1EFE0017725C = {
						CreatedOnToolsVersion = 14.3.1;
					};
					647112E52B8B1F000017725C = {
						CreatedOnToolsVersion = 14.3.1;
						TestTargetID = 647112CF2B8B1EFE0017725C;
					};
					647112EF2B8B1F000017725C = {
						CreatedOnToolsVersion = 14.3.1;
						TestTargetID = 647112CF2B8B1EFE0017725C;
					};
				};
			};
			buildConfigurationList = 647112CB2B8B1EFE0017725C /* Build configuration list for PBXProject "MarketplaceAppVIPER" */;
			compatibilityVersion = "Xcode 14.0";
			developmentRegion = en;
			hasScannedForEncodings = 0;
			knownRegions = (
				en,
				Base,
			);
			mainGroup = 647112C72B8B1EFE0017725C;
			packageReferences = (
				64F370432B8B2B49005FC900 /* XCRemoteSwiftPackageReference "SDWebImage" */,
				64F370492B8B2C13005FC900 /* XCRemoteSwiftPackageReference "firebase-ios-sdk" */,
				64F370562B8B2E4C005FC900 /* XCRemoteSwiftPackageReference "SnapKit" */,
				6449ED752B93339E00A93BC0 /* XCRemoteSwiftPackageReference "GoogleSignIn-iOS" */,
			);
			productRefGroup = 647112D12B8B1EFE0017725C /* Products */;
			projectDirPath = "";
			projectRoot = "";
			targets = (
				647112CF2B8B1EFE0017725C /* MarketplaceAppVIPER */,
				647112E52B8B1F000017725C /* MarketplaceAppVIPERTests */,
				647112EF2B8B1F000017725C /* MarketplaceAppVIPERUITests */,
			);
		};
/* End PBXProject section */

/* Begin PBXResourcesBuildPhase section */
		647112CE2B8B1EFE0017725C /* Resources */ = {
			isa = PBXResourcesBuildPhase;
			buildActionMask = 2147483647;
			files = (
				647112E02B8B1F000017725C /* LaunchScreen.storyboard in Resources */,
				6424A2E42B8B50320040C091 /* GoogleService-Info.plist in Resources */,
				647112DD2B8B1F000017725C /* Assets.xcassets in Resources */,
			);
			runOnlyForDeploymentPostprocessing = 0;
		};
		647112E42B8B1F000017725C /* Resources */ = {
			isa = PBXResourcesBuildPhase;
			buildActionMask = 2147483647;
			files = (
			);
			runOnlyForDeploymentPostprocessing = 0;
		};
		647112EE2B8B1F000017725C /* Resources */ = {
			isa = PBXResourcesBuildPhase;
			buildActionMask = 2147483647;
			files = (
			);
			runOnlyForDeploymentPostprocessing = 0;
		};
/* End PBXResourcesBuildPhase section */

/* Begin PBXSourcesBuildPhase section */
		647112CC2B8B1EFE0017725C /* Sources */ = {
			isa = PBXSourcesBuildPhase;
			buildActionMask = 2147483647;
			files = (
				6449ED912B975D4000A93BC0 /* OrdersModuleBuilder.swift in Sources */,
				6424A2C62B8B41F80040C091 /* UIColor + Extension.swift in Sources */,
				6449ED802B93347200A93BC0 /* ProfileModuleBuilder.swift in Sources */,
				6449ED952B975D4000A93BC0 /* OrdersInteractor.swift in Sources */,
				6449ED5B2B8B83C700A93BC0 /* ProductPageInteractor.swift in Sources */,
				6424A2DB2B8B440B0040C091 /* CartCell.swift in Sources */,
				6424A2D82B8B440B0040C091 /* SizesView.swift in Sources */,
				6449ED642B8CA3C700A93BC0 /* MainPresenter.swift in Sources */,
				6449ED832B93347200A93BC0 /* ProfileViewController.swift in Sources */,
				6449ED842B93347200A93BC0 /* ProfileInteractor.swift in Sources */,
				6424A2C72B8B41F80040C091 /* UIButton + Extension.swift in Sources */,
				64F3703A2B8B2916005FC900 /* ProductsListPresenter.swift in Sources */,
				6449ED822B93347200A93BC0 /* ProfileRouter.swift in Sources */,
				64F3703D2B8B2916005FC900 /* ProductsListInteractor.swift in Sources */,
				6424A2BE2B8B41230040C091 /* LoginResult.swift in Sources */,
				64F3703B2B8B2916005FC900 /* ProductsListRouter.swift in Sources */,
				647112D42B8B1EFE0017725C /* AppDelegate.swift in Sources */,
				6424A2D92B8B440B0040C091 /* OrderCell.swift in Sources */,
				6449ED662B8CA3C700A93BC0 /* MainViewController.swift in Sources */,
				6424A2D52B8B440B0040C091 /* EmptyCartView.swift in Sources */,
				6424A2DA2B8B440B0040C091 /* CarouselView.swift in Sources */,
				6449ED672B8CA3C700A93BC0 /* MainInteractor.swift in Sources */,
				6449ED572B8B83C700A93BC0 /* ProductPageModuleBuilder.swift in Sources */,
				6449ED592B8B83C700A93BC0 /* ProductPageRouter.swift in Sources */,
				6424A2D72B8B440B0040C091 /* SizeButton.swift in Sources */,
				6449ED652B8CA3C700A93BC0 /* MainRouter.swift in Sources */,
				6449ED6F2B8F5EA700A93BC0 /* CartPresenter.swift in Sources */,
				6424A2DC2B8B440B0040C091 /* CarouselCell.swift in Sources */,
				6449ED6E2B8F5EA700A93BC0 /* CartModuleBuilder.swift in Sources */,
				6449ED722B8F5EA700A93BC0 /* CartInteractor.swift in Sources */,
				6449ED932B975D4000A93BC0 /* OrdersRouter.swift in Sources */,
				6449ED922B975D4000A93BC0 /* OrdersPresenter.swift in Sources */,
				647112D62B8B1EFE0017725C /* SceneDelegate.swift in Sources */,
				6449ED742B8F618300A93BC0 /* CartManager.swift in Sources */,
				6424A2C82B8B41F80040C091 /* CartPublisher.swift in Sources */,
				6424A2E22B8B474B0040C091 /* FirebaseManager.swift in Sources */,
				6424A2DD2B8B440B0040C091 /* CustomLabel.swift in Sources */,
				6424A2D42B8B440B0040C091 /* Cell.swift in Sources */,
				6449ED712B8F5EA700A93BC0 /* CartViewController.swift in Sources */,
				64F3703C2B8B2916005FC900 /* ProductsListViewController.swift in Sources */,
				6424A2BF2B8B41230040C091 /* OrderModel.swift in Sources */,
				6449ED702B8F5EA700A93BC0 /* CartRouter.swift in Sources */,
				6449ED5A2B8B83C700A93BC0 /* ProductPageViewController.swift in Sources */,
				6424A2D62B8B440B0040C091 /* ProductCell.swift in Sources */,
				6449ED882B93352400A93BC0 /* CustomButton.swift in Sources */,
				6449ED8A2B93374C00A93BC0 /* AuthManager.swift in Sources */,
				6449ED582B8B83C700A93BC0 /* ProductPagePresenter.swift in Sources */,
				6449ED812B93347200A93BC0 /* ProfilePresenter.swift in Sources */,
				64F370392B8B2916005FC900 /* ProductsListModuleBuilder.swift in Sources */,
				6449ED632B8CA3C700A93BC0 /* MainModuleBuilder.swift in Sources */,
				6449ED942B975D4000A93BC0 /* OrdersViewController.swift in Sources */,
				6424A2C02B8B41230040C091 /* ProductModel.swift in Sources */,
			);
			runOnlyForDeploymentPostprocessing = 0;
		};
		647112E22B8B1F000017725C /* Sources */ = {
			isa = PBXSourcesBuildPhase;
			buildActionMask = 2147483647;
			files = (
				647112EB2B8B1F000017725C /* MarketplaceAppVIPERTests.swift in Sources */,
			);
			runOnlyForDeploymentPostprocessing = 0;
		};
		647112EC2B8B1F000017725C /* Sources */ = {
			isa = PBXSourcesBuildPhase;
			buildActionMask = 2147483647;
			files = (
				647112F52B8B1F000017725C /* MarketplaceAppVIPERUITests.swift in Sources */,
				647112F72B8B1F000017725C /* MarketplaceAppVIPERUITestsLaunchTests.swift in Sources */,
			);
			runOnlyForDeploymentPostprocessing = 0;
		};
/* End PBXSourcesBuildPhase section */

/* Begin PBXTargetDependency section */
		647112E82B8B1F000017725C /* PBXTargetDependency */ = {
			isa = PBXTargetDependency;
			target = 647112CF2B8B1EFE0017725C /* MarketplaceAppVIPER */;
			targetProxy = 647112E72B8B1F000017725C /* PBXContainerItemProxy */;
		};
		647112F22B8B1F000017725C /* PBXTargetDependency */ = {
			isa = PBXTargetDependency;
			target = 647112CF2B8B1EFE0017725C /* MarketplaceAppVIPER */;
			targetProxy = 647112F12B8B1F000017725C /* PBXContainerItemProxy */;
		};
/* End PBXTargetDependency section */

/* Begin PBXVariantGroup section */
		647112DE2B8B1F000017725C /* LaunchScreen.storyboard */ = {
			isa = PBXVariantGroup;
			children = (
				647112DF2B8B1F000017725C /* Base */,
			);
			name = LaunchScreen.storyboard;
			sourceTree = "<group>";
		};
/* End PBXVariantGroup section */

/* Begin XCBuildConfiguration section */
		647112F82B8B1F000017725C /* Debug */ = {
			isa = XCBuildConfiguration;
			buildSettings = {
				ALWAYS_SEARCH_USER_PATHS = NO;
				CLANG_ANALYZER_NONNULL = YES;
				CLANG_ANALYZER_NUMBER_OBJECT_CONVERSION = YES_AGGRESSIVE;
				CLANG_CXX_LANGUAGE_STANDARD = "gnu++20";
				CLANG_ENABLE_MODULES = YES;
				CLANG_ENABLE_OBJC_ARC = YES;
				CLANG_ENABLE_OBJC_WEAK = YES;
				CLANG_WARN_BLOCK_CAPTURE_AUTORELEASING = YES;
				CLANG_WARN_BOOL_CONVERSION = YES;
				CLANG_WARN_COMMA = YES;
				CLANG_WARN_CONSTANT_CONVERSION = YES;
				CLANG_WARN_DEPRECATED_OBJC_IMPLEMENTATIONS = YES;
				CLANG_WARN_DIRECT_OBJC_ISA_USAGE = YES_ERROR;
				CLANG_WARN_DOCUMENTATION_COMMENTS = YES;
				CLANG_WARN_EMPTY_BODY = YES;
				CLANG_WARN_ENUM_CONVERSION = YES;
				CLANG_WARN_INFINITE_RECURSION = YES;
				CLANG_WARN_INT_CONVERSION = YES;
				CLANG_WARN_NON_LITERAL_NULL_CONVERSION = YES;
				CLANG_WARN_OBJC_IMPLICIT_RETAIN_SELF = YES;
				CLANG_WARN_OBJC_LITERAL_CONVERSION = YES;
				CLANG_WARN_OBJC_ROOT_CLASS = YES_ERROR;
				CLANG_WARN_QUOTED_INCLUDE_IN_FRAMEWORK_HEADER = YES;
				CLANG_WARN_RANGE_LOOP_ANALYSIS = YES;
				CLANG_WARN_STRICT_PROTOTYPES = YES;
				CLANG_WARN_SUSPICIOUS_MOVE = YES;
				CLANG_WARN_UNGUARDED_AVAILABILITY = YES_AGGRESSIVE;
				CLANG_WARN_UNREACHABLE_CODE = YES;
				CLANG_WARN__DUPLICATE_METHOD_MATCH = YES;
				COPY_PHASE_STRIP = NO;
				DEBUG_INFORMATION_FORMAT = dwarf;
				ENABLE_STRICT_OBJC_MSGSEND = YES;
				ENABLE_TESTABILITY = YES;
				GCC_C_LANGUAGE_STANDARD = gnu11;
				GCC_DYNAMIC_NO_PIC = NO;
				GCC_NO_COMMON_BLOCKS = YES;
				GCC_OPTIMIZATION_LEVEL = 0;
				GCC_PREPROCESSOR_DEFINITIONS = (
					"DEBUG=1",
					"$(inherited)",
				);
				GCC_WARN_64_TO_32_BIT_CONVERSION = YES;
				GCC_WARN_ABOUT_RETURN_TYPE = YES_ERROR;
				GCC_WARN_UNDECLARED_SELECTOR = YES;
				GCC_WARN_UNINITIALIZED_AUTOS = YES_AGGRESSIVE;
				GCC_WARN_UNUSED_FUNCTION = YES;
				GCC_WARN_UNUSED_VARIABLE = YES;
				IPHONEOS_DEPLOYMENT_TARGET = 16.4;
				MTL_ENABLE_DEBUG_INFO = INCLUDE_SOURCE;
				MTL_FAST_MATH = YES;
				ONLY_ACTIVE_ARCH = YES;
				SDKROOT = iphoneos;
				SWIFT_ACTIVE_COMPILATION_CONDITIONS = DEBUG;
				SWIFT_OPTIMIZATION_LEVEL = "-Onone";
			};
			name = Debug;
		};
		647112F92B8B1F000017725C /* Release */ = {
			isa = XCBuildConfiguration;
			buildSettings = {
				ALWAYS_SEARCH_USER_PATHS = NO;
				CLANG_ANALYZER_NONNULL = YES;
				CLANG_ANALYZER_NUMBER_OBJECT_CONVERSION = YES_AGGRESSIVE;
				CLANG_CXX_LANGUAGE_STANDARD = "gnu++20";
				CLANG_ENABLE_MODULES = YES;
				CLANG_ENABLE_OBJC_ARC = YES;
				CLANG_ENABLE_OBJC_WEAK = YES;
				CLANG_WARN_BLOCK_CAPTURE_AUTORELEASING = YES;
				CLANG_WARN_BOOL_CONVERSION = YES;
				CLANG_WARN_COMMA = YES;
				CLANG_WARN_CONSTANT_CONVERSION = YES;
				CLANG_WARN_DEPRECATED_OBJC_IMPLEMENTATIONS = YES;
				CLANG_WARN_DIRECT_OBJC_ISA_USAGE = YES_ERROR;
				CLANG_WARN_DOCUMENTATION_COMMENTS = YES;
				CLANG_WARN_EMPTY_BODY = YES;
				CLANG_WARN_ENUM_CONVERSION = YES;
				CLANG_WARN_INFINITE_RECURSION = YES;
				CLANG_WARN_INT_CONVERSION = YES;
				CLANG_WARN_NON_LITERAL_NULL_CONVERSION = YES;
				CLANG_WARN_OBJC_IMPLICIT_RETAIN_SELF = YES;
				CLANG_WARN_OBJC_LITERAL_CONVERSION = YES;
				CLANG_WARN_OBJC_ROOT_CLASS = YES_ERROR;
				CLANG_WARN_QUOTED_INCLUDE_IN_FRAMEWORK_HEADER = YES;
				CLANG_WARN_RANGE_LOOP_ANALYSIS = YES;
				CLANG_WARN_STRICT_PROTOTYPES = YES;
				CLANG_WARN_SUSPICIOUS_MOVE = YES;
				CLANG_WARN_UNGUARDED_AVAILABILITY = YES_AGGRESSIVE;
				CLANG_WARN_UNREACHABLE_CODE = YES;
				CLANG_WARN__DUPLICATE_METHOD_MATCH = YES;
				COPY_PHASE_STRIP = NO;
				DEBUG_INFORMATION_FORMAT = "dwarf-with-dsym";
				ENABLE_NS_ASSERTIONS = NO;
				ENABLE_STRICT_OBJC_MSGSEND = YES;
				GCC_C_LANGUAGE_STANDARD = gnu11;
				GCC_NO_COMMON_BLOCKS = YES;
				GCC_WARN_64_TO_32_BIT_CONVERSION = YES;
				GCC_WARN_ABOUT_RETURN_TYPE = YES_ERROR;
				GCC_WARN_UNDECLARED_SELECTOR = YES;
				GCC_WARN_UNINITIALIZED_AUTOS = YES_AGGRESSIVE;
				GCC_WARN_UNUSED_FUNCTION = YES;
				GCC_WARN_UNUSED_VARIABLE = YES;
				IPHONEOS_DEPLOYMENT_TARGET = 16.4;
				MTL_ENABLE_DEBUG_INFO = NO;
				MTL_FAST_MATH = YES;
				SDKROOT = iphoneos;
				SWIFT_COMPILATION_MODE = wholemodule;
				SWIFT_OPTIMIZATION_LEVEL = "-O";
				VALIDATE_PRODUCT = YES;
			};
			name = Release;
		};
		647112FB2B8B1F010017725C /* Debug */ = {
			isa = XCBuildConfiguration;
			buildSettings = {
				ASSETCATALOG_COMPILER_APPICON_NAME = AppIcon;
				ASSETCATALOG_COMPILER_GLOBAL_ACCENT_COLOR_NAME = AccentColor;
				CODE_SIGN_STYLE = Automatic;
				CURRENT_PROJECT_VERSION = 1;
				DEVELOPMENT_TEAM = V8ALJCTXD3;
				GENERATE_INFOPLIST_FILE = YES;
				INFOPLIST_FILE = MarketplaceAppVIPER/Info.plist;
				INFOPLIST_KEY_UIApplicationSupportsIndirectInputEvents = YES;
				INFOPLIST_KEY_UILaunchStoryboardName = LaunchScreen;
				INFOPLIST_KEY_UISupportedInterfaceOrientations_iPad = "UIInterfaceOrientationPortrait UIInterfaceOrientationPortraitUpsideDown UIInterfaceOrientationLandscapeLeft UIInterfaceOrientationLandscapeRight";
				INFOPLIST_KEY_UISupportedInterfaceOrientations_iPhone = "UIInterfaceOrientationPortrait UIInterfaceOrientationLandscapeLeft UIInterfaceOrientationLandscapeRight";
				LD_RUNPATH_SEARCH_PATHS = (
					"$(inherited)",
					"@executable_path/Frameworks",
				);
				MARKETING_VERSION = 1.0;
				PRODUCT_BUNDLE_IDENTIFIER = ClownTeam.MarketplaceAppVIPER;
				PRODUCT_NAME = "$(TARGET_NAME)";
				SWIFT_EMIT_LOC_STRINGS = YES;
				SWIFT_VERSION = 5.0;
				TARGETED_DEVICE_FAMILY = "1,2";
			};
			name = Debug;
		};
		647112FC2B8B1F010017725C /* Release */ = {
			isa = XCBuildConfiguration;
			buildSettings = {
				ASSETCATALOG_COMPILER_APPICON_NAME = AppIcon;
				ASSETCATALOG_COMPILER_GLOBAL_ACCENT_COLOR_NAME = AccentColor;
				CODE_SIGN_STYLE = Automatic;
				CURRENT_PROJECT_VERSION = 1;
				DEVELOPMENT_TEAM = V8ALJCTXD3;
				GENERATE_INFOPLIST_FILE = YES;
				INFOPLIST_FILE = MarketplaceAppVIPER/Info.plist;
				INFOPLIST_KEY_UIApplicationSupportsIndirectInputEvents = YES;
				INFOPLIST_KEY_UILaunchStoryboardName = LaunchScreen;
				INFOPLIST_KEY_UISupportedInterfaceOrientations_iPad = "UIInterfaceOrientationPortrait UIInterfaceOrientationPortraitUpsideDown UIInterfaceOrientationLandscapeLeft UIInterfaceOrientationLandscapeRight";
				INFOPLIST_KEY_UISupportedInterfaceOrientations_iPhone = "UIInterfaceOrientationPortrait UIInterfaceOrientationLandscapeLeft UIInterfaceOrientationLandscapeRight";
				LD_RUNPATH_SEARCH_PATHS = (
					"$(inherited)",
					"@executable_path/Frameworks",
				);
				MARKETING_VERSION = 1.0;
				PRODUCT_BUNDLE_IDENTIFIER = ClownTeam.MarketplaceAppVIPER;
				PRODUCT_NAME = "$(TARGET_NAME)";
				SWIFT_EMIT_LOC_STRINGS = YES;
				SWIFT_VERSION = 5.0;
				TARGETED_DEVICE_FAMILY = "1,2";
			};
			name = Release;
		};
		647112FE2B8B1F010017725C /* Debug */ = {
			isa = XCBuildConfiguration;
			buildSettings = {
				ALWAYS_EMBED_SWIFT_STANDARD_LIBRARIES = YES;
				BUNDLE_LOADER = "$(TEST_HOST)";
				CODE_SIGN_STYLE = Automatic;
				CURRENT_PROJECT_VERSION = 1;
				DEVELOPMENT_TEAM = V8ALJCTXD3;
				GENERATE_INFOPLIST_FILE = YES;
				IPHONEOS_DEPLOYMENT_TARGET = 16.4;
				MARKETING_VERSION = 1.0;
				PRODUCT_BUNDLE_IDENTIFIER = ClownTeam.MarketplaceAppVIPERTests;
				PRODUCT_NAME = "$(TARGET_NAME)";
				SWIFT_EMIT_LOC_STRINGS = NO;
				SWIFT_VERSION = 5.0;
				TARGETED_DEVICE_FAMILY = "1,2";
				TEST_HOST = "$(BUILT_PRODUCTS_DIR)/MarketplaceAppVIPER.app/$(BUNDLE_EXECUTABLE_FOLDER_PATH)/MarketplaceAppVIPER";
			};
			name = Debug;
		};
		647112FF2B8B1F010017725C /* Release */ = {
			isa = XCBuildConfiguration;
			buildSettings = {
				ALWAYS_EMBED_SWIFT_STANDARD_LIBRARIES = YES;
				BUNDLE_LOADER = "$(TEST_HOST)";
				CODE_SIGN_STYLE = Automatic;
				CURRENT_PROJECT_VERSION = 1;
				DEVELOPMENT_TEAM = V8ALJCTXD3;
				GENERATE_INFOPLIST_FILE = YES;
				IPHONEOS_DEPLOYMENT_TARGET = 16.4;
				MARKETING_VERSION = 1.0;
				PRODUCT_BUNDLE_IDENTIFIER = ClownTeam.MarketplaceAppVIPERTests;
				PRODUCT_NAME = "$(TARGET_NAME)";
				SWIFT_EMIT_LOC_STRINGS = NO;
				SWIFT_VERSION = 5.0;
				TARGETED_DEVICE_FAMILY = "1,2";
				TEST_HOST = "$(BUILT_PRODUCTS_DIR)/MarketplaceAppVIPER.app/$(BUNDLE_EXECUTABLE_FOLDER_PATH)/MarketplaceAppVIPER";
			};
			name = Release;
		};
		647113012B8B1F010017725C /* Debug */ = {
			isa = XCBuildConfiguration;
			buildSettings = {
				ALWAYS_EMBED_SWIFT_STANDARD_LIBRARIES = YES;
				CODE_SIGN_STYLE = Automatic;
				CURRENT_PROJECT_VERSION = 1;
				DEVELOPMENT_TEAM = V8ALJCTXD3;
				GENERATE_INFOPLIST_FILE = YES;
				MARKETING_VERSION = 1.0;
				PRODUCT_BUNDLE_IDENTIFIER = ClownTeam.MarketplaceAppVIPERUITests;
				PRODUCT_NAME = "$(TARGET_NAME)";
				SWIFT_EMIT_LOC_STRINGS = NO;
				SWIFT_VERSION = 5.0;
				TARGETED_DEVICE_FAMILY = "1,2";
				TEST_TARGET_NAME = MarketplaceAppVIPER;
			};
			name = Debug;
		};
		647113022B8B1F010017725C /* Release */ = {
			isa = XCBuildConfiguration;
			buildSettings = {
				ALWAYS_EMBED_SWIFT_STANDARD_LIBRARIES = YES;
				CODE_SIGN_STYLE = Automatic;
				CURRENT_PROJECT_VERSION = 1;
				DEVELOPMENT_TEAM = V8ALJCTXD3;
				GENERATE_INFOPLIST_FILE = YES;
				MARKETING_VERSION = 1.0;
				PRODUCT_BUNDLE_IDENTIFIER = ClownTeam.MarketplaceAppVIPERUITests;
				PRODUCT_NAME = "$(TARGET_NAME)";
				SWIFT_EMIT_LOC_STRINGS = NO;
				SWIFT_VERSION = 5.0;
				TARGETED_DEVICE_FAMILY = "1,2";
				TEST_TARGET_NAME = MarketplaceAppVIPER;
			};
			name = Release;
		};
/* End XCBuildConfiguration section */

/* Begin XCConfigurationList section */
		647112CB2B8B1EFE0017725C /* Build configuration list for PBXProject "MarketplaceAppVIPER" */ = {
			isa = XCConfigurationList;
			buildConfigurations = (
				647112F82B8B1F000017725C /* Debug */,
				647112F92B8B1F000017725C /* Release */,
			);
			defaultConfigurationIsVisible = 0;
			defaultConfigurationName = Release;
		};
		647112FA2B8B1F010017725C /* Build configuration list for PBXNativeTarget "MarketplaceAppVIPER" */ = {
			isa = XCConfigurationList;
			buildConfigurations = (
				647112FB2B8B1F010017725C /* Debug */,
				647112FC2B8B1F010017725C /* Release */,
			);
			defaultConfigurationIsVisible = 0;
			defaultConfigurationName = Release;
		};
		647112FD2B8B1F010017725C /* Build configuration list for PBXNativeTarget "MarketplaceAppVIPERTests" */ = {
			isa = XCConfigurationList;
			buildConfigurations = (
				647112FE2B8B1F010017725C /* Debug */,
				647112FF2B8B1F010017725C /* Release */,
			);
			defaultConfigurationIsVisible = 0;
			defaultConfigurationName = Release;
		};
		647113002B8B1F010017725C /* Build configuration list for PBXNativeTarget "MarketplaceAppVIPERUITests" */ = {
			isa = XCConfigurationList;
			buildConfigurations = (
				647113012B8B1F010017725C /* Debug */,
				647113022B8B1F010017725C /* Release */,
			);
			defaultConfigurationIsVisible = 0;
			defaultConfigurationName = Release;
		};
/* End XCConfigurationList section */

/* Begin XCRemoteSwiftPackageReference section */
		6449ED752B93339E00A93BC0 /* XCRemoteSwiftPackageReference "GoogleSignIn-iOS" */ = {
			isa = XCRemoteSwiftPackageReference;
			repositoryURL = "https://github.com/google/GoogleSignIn-iOS";
			requirement = {
				kind = upToNextMajorVersion;
				minimumVersion = 7.0.0;
			};
		};
		64F370432B8B2B49005FC900 /* XCRemoteSwiftPackageReference "SDWebImage" */ = {
			isa = XCRemoteSwiftPackageReference;
			repositoryURL = "https://github.com/SDWebImage/SDWebImage";
			requirement = {
				kind = upToNextMajorVersion;
				minimumVersion = 5.0.0;
			};
		};
		64F370492B8B2C13005FC900 /* XCRemoteSwiftPackageReference "firebase-ios-sdk" */ = {
			isa = XCRemoteSwiftPackageReference;
			repositoryURL = "https://github.com/firebase/firebase-ios-sdk";
			requirement = {
				kind = upToNextMajorVersion;
				minimumVersion = 10.0.0;
			};
		};
		64F370562B8B2E4C005FC900 /* XCRemoteSwiftPackageReference "SnapKit" */ = {
			isa = XCRemoteSwiftPackageReference;
			repositoryURL = "https://github.com/SnapKit/SnapKit.git";
			requirement = {
				kind = upToNextMajorVersion;
				minimumVersion = 5.0.0;
			};
		};
/* End XCRemoteSwiftPackageReference section */

/* Begin XCSwiftPackageProductDependency section */
		6449ED762B93339E00A93BC0 /* GoogleSignIn */ = {
			isa = XCSwiftPackageProductDependency;
			package = 6449ED752B93339E00A93BC0 /* XCRemoteSwiftPackageReference "GoogleSignIn-iOS" */;
			productName = GoogleSignIn;
		};
		6449ED782B93339E00A93BC0 /* GoogleSignInSwift */ = {
			isa = XCSwiftPackageProductDependency;
			package = 6449ED752B93339E00A93BC0 /* XCRemoteSwiftPackageReference "GoogleSignIn-iOS" */;
			productName = GoogleSignInSwift;
		};
		64F370442B8B2B49005FC900 /* SDWebImage */ = {
			isa = XCSwiftPackageProductDependency;
			package = 64F370432B8B2B49005FC900 /* XCRemoteSwiftPackageReference "SDWebImage" */;
			productName = SDWebImage;
		};
		64F3704A2B8B2C13005FC900 /* FirebaseAuth */ = {
			isa = XCSwiftPackageProductDependency;
			package = 64F370492B8B2C13005FC900 /* XCRemoteSwiftPackageReference "firebase-ios-sdk" */;
			productName = FirebaseAuth;
		};
		64F3704C2B8B2C13005FC900 /* FirebaseDatabase */ = {
			isa = XCSwiftPackageProductDependency;
			package = 64F370492B8B2C13005FC900 /* XCRemoteSwiftPackageReference "firebase-ios-sdk" */;
			productName = FirebaseDatabase;
		};
		64F3704E2B8B2C13005FC900 /* FirebaseDatabaseSwift */ = {
			isa = XCSwiftPackageProductDependency;
			package = 64F370492B8B2C13005FC900 /* XCRemoteSwiftPackageReference "firebase-ios-sdk" */;
			productName = FirebaseDatabaseSwift;
		};
		64F370502B8B2C13005FC900 /* FirebaseFirestore */ = {
			isa = XCSwiftPackageProductDependency;
			package = 64F370492B8B2C13005FC900 /* XCRemoteSwiftPackageReference "firebase-ios-sdk" */;
			productName = FirebaseFirestore;
		};
		64F370522B8B2C13005FC900 /* FirebaseFirestoreSwift */ = {
			isa = XCSwiftPackageProductDependency;
			package = 64F370492B8B2C13005FC900 /* XCRemoteSwiftPackageReference "firebase-ios-sdk" */;
			productName = FirebaseFirestoreSwift;
		};
		64F370542B8B2C13005FC900 /* FirebaseStorage */ = {
			isa = XCSwiftPackageProductDependency;
			package = 64F370492B8B2C13005FC900 /* XCRemoteSwiftPackageReference "firebase-ios-sdk" */;
			productName = FirebaseStorage;
		};
		64F370572B8B2E4C005FC900 /* SnapKit */ = {
			isa = XCSwiftPackageProductDependency;
			package = 64F370562B8B2E4C005FC900 /* XCRemoteSwiftPackageReference "SnapKit" */;
			productName = SnapKit;
		};
/* End XCSwiftPackageProductDependency section */
	};
	rootObject = 647112C82B8B1EFE0017725C /* Project object */;
}
